
Microsoft Visual Studio Solution File, Format Version 12.00
# Visual Studio Version 17
VisualStudioVersion = 17.9.34714.143
MinimumVisualStudioVersion = 10.0.40219.1
Project("{FAE04EC0-301F-11D3-BF4B-00C04F79EFBC}") = "EX01.ConsoleApp", "Lista01.ConsoleApp\EX01.ConsoleApp.csproj", "{F9A79DFB-E408-4138-A940-4EB2A9CCACDA}"
EndProject
Project("{FAE04EC0-301F-11D3-BF4B-00C04F79EFBC}") = "EX02.ConsoleApp", "EX02.ConsoleApp\EX02.ConsoleApp.csproj", "{17676DF2-F0B4-413F-8C6F-C8AFB6E7B82E}"
EndProject
Project("{FAE04EC0-301F-11D3-BF4B-00C04F79EFBC}") = "EX03.ConsoleApp", "EX03.ConsoleApp\EX03.ConsoleApp.csproj", "{077F187F-003A-4E6C-92A0-0AC08FED0F3A}"
EndProject
Project("{FAE04EC0-301F-11D3-BF4B-00C04F79EFBC}") = "EX04.ConsoleApp", "EX04.ConsoleApp\EX04.ConsoleApp.csproj", "{A4D3730D-2585-429D-83B4-10C0AF83410A}"
EndProject
Project("{FAE04EC0-301F-11D3-BF4B-00C04F79EFBC}") = "EX05.ConsoleApp", "EX05.ConsoleApp\EX05.ConsoleApp.csproj", "{D995B11F-5DE8-4DE3-AB91-DF9296BBC07E}"
EndProject
Project("{FAE04EC0-301F-11D3-BF4B-00C04F79EFBC}") = "EX06ConsoleApp", "EX06ConsoleApp\EX06ConsoleApp.csproj", "{4CC4883C-B44E-4ACF-9E52-9A765FD6785D}"
EndProject
Project("{FAE04EC0-301F-11D3-BF4B-00C04F79EFBC}") = "EX07.ConsoleApp", "EX07.ConsoleApp\EX07.ConsoleApp.csproj", "{1CA4A830-7A5A-45B2-9C60-6F7CB95E9FE3}"
EndProject
Project("{FAE04EC0-301F-11D3-BF4B-00C04F79EFBC}") = "EX08.ConsoleApp", "EX08.ConsoleApp\EX08.ConsoleApp.csproj", "{B309113C-5644-452A-8774-EFD5215F7FB9}"
EndProject
Project("{FAE04EC0-301F-11D3-BF4B-00C04F79EFBC}") = "EX09.ConsoleApp", "EX09.ConsoleApp\EX09.ConsoleApp.csproj", "{AD01B420-0507-4674-AEEE-DA7CDA20439D}"
EndProject
Project("{FAE04EC0-301F-11D3-BF4B-00C04F79EFBC}") = "EX10.ConsoleApp", "EX10.ConsoleApp\EX10.ConsoleApp.csproj", "{CBF7DA78-9F98-4CE8-9425-69B3BA424798}"
EndProject
Project("{FAE04EC0-301F-11D3-BF4B-00C04F79EFBC}") = "EX11.ConsoleApp", "EX11.ConsoleApp\EX11.ConsoleApp.csproj", "{646FE2A2-23CA-42AF-97B4-42D3E8032025}"
EndProject
Project("{FAE04EC0-301F-11D3-BF4B-00C04F79EFBC}") = "EX12.ConsoleApp", "EX12.ConsoleApp\EX12.ConsoleApp.csproj", "{D3585638-000F-40EA-873B-BE67C5180879}"
EndProject
Project("{FAE04EC0-301F-11D3-BF4B-00C04F79EFBC}") = "EX13.ConsoleApp", "EX13.ConsoleApp\EX13.ConsoleApp.csproj", "{18E16192-B1EB-4C81-B8E3-D59EFD66A94B}"
EndProject
Project("{FAE04EC0-301F-11D3-BF4B-00C04F79EFBC}") = "EX14.ConsoleApp", "EX14.ConsoleApp\EX14.ConsoleApp.csproj", "{24891674-9956-477E-BB57-50A69749FF66}"
EndProject
Project("{FAE04EC0-301F-11D3-BF4B-00C04F79EFBC}") = "EX15.ConsoleApp", "EX15.ConsoleApp\EX15.ConsoleApp.csproj", "{C1374C40-A61F-4AC4-BB41-F03652655606}"
EndProject
Project("{FAE04EC0-301F-11D3-BF4B-00C04F79EFBC}") = "EX16.ConsoleApp", "EX16.ConsoleApp\EX16.ConsoleApp.csproj", "{B66EFD59-CED4-4A4D-BA31-CBC870075EA1}"
EndProject
Project("{FAE04EC0-301F-11D3-BF4B-00C04F79EFBC}") = "EX17.ConsoleApp", "EX17.ConsoleApp\EX17.ConsoleApp.csproj", "{520C24D5-DF87-41DC-A05E-F1939BFDEDC4}"
EndProject
Project("{FAE04EC0-301F-11D3-BF4B-00C04F79EFBC}") = "EX18.ConsoleApp", "EX18.ConsoleApp\EX18.ConsoleApp.csproj", "{EC3F982C-BD4B-4A6A-BD8B-FE543985938D}"
EndProject
Project("{FAE04EC0-301F-11D3-BF4B-00C04F79EFBC}") = "EX19.ConsoleApp", "EX19.ConsoleApp\EX19.ConsoleApp.csproj", "{A41A9333-70B8-41DD-8662-AEA9B382E48E}"
EndProject
Project("{FAE04EC0-301F-11D3-BF4B-00C04F79EFBC}") = "EX20.ConsoleApp", "EX20.ConsoleApp\EX20.ConsoleApp.csproj", "{8531C198-D7E8-41D7-9647-B30AD157310E}"
EndProject
Project("{FAE04EC0-301F-11D3-BF4B-00C04F79EFBC}") = "EX21.ConsoleApp", "EX21.ConsoleApp\EX21.ConsoleApp.csproj", "{0A3B509B-9942-43EF-8FC3-EAA422E7190B}"
EndProject
Project("{FAE04EC0-301F-11D3-BF4B-00C04F79EFBC}") = "EX22.ConsoleApp", "EX22.ConsoleApp\EX22.ConsoleApp.csproj", "{11D27907-D5DE-4028-8F3C-596A1A2CD587}"
EndProject
Project("{FAE04EC0-301F-11D3-BF4B-00C04F79EFBC}") = "EX23.ConsoleApp", "EX23.ConsoleApp\EX23.ConsoleApp.csproj", "{73EF6904-82E1-4F45-A544-0F704B748AB7}"
EndProject
Project("{FAE04EC0-301F-11D3-BF4B-00C04F79EFBC}") = "EX24.ConsoleApp", "EX24.ConsoleApp\EX24.ConsoleApp.csproj", "{1CCB249D-8974-4B14-9E6A-36C9171F221E}"
EndProject
Project("{FAE04EC0-301F-11D3-BF4B-00C04F79EFBC}") = "EX25.ConsoleApp", "EX25.ConsoleApp\EX25.ConsoleApp.csproj", "{F65733E5-918F-4876-82BF-754CE92C35BB}"
EndProject
Global
	GlobalSection(SolutionConfigurationPlatforms) = preSolution
		Debug|Any CPU = Debug|Any CPU
		Release|Any CPU = Release|Any CPU
	EndGlobalSection
	GlobalSection(ProjectConfigurationPlatforms) = postSolution
		{F9A79DFB-E408-4138-A940-4EB2A9CCACDA}.Debug|Any CPU.ActiveCfg = Debug|Any CPU
		{F9A79DFB-E408-4138-A940-4EB2A9CCACDA}.Debug|Any CPU.Build.0 = Debug|Any CPU
		{F9A79DFB-E408-4138-A940-4EB2A9CCACDA}.Release|Any CPU.ActiveCfg = Release|Any CPU
		{F9A79DFB-E408-4138-A940-4EB2A9CCACDA}.Release|Any CPU.Build.0 = Release|Any CPU
		{17676DF2-F0B4-413F-8C6F-C8AFB6E7B82E}.Debug|Any CPU.ActiveCfg = Debug|Any CPU
		{17676DF2-F0B4-413F-8C6F-C8AFB6E7B82E}.Debug|Any CPU.Build.0 = Debug|Any CPU
		{17676DF2-F0B4-413F-8C6F-C8AFB6E7B82E}.Release|Any CPU.ActiveCfg = Release|Any CPU
		{17676DF2-F0B4-413F-8C6F-C8AFB6E7B82E}.Release|Any CPU.Build.0 = Release|Any CPU
		{077F187F-003A-4E6C-92A0-0AC08FED0F3A}.Debug|Any CPU.ActiveCfg = Debug|Any CPU
		{077F187F-003A-4E6C-92A0-0AC08FED0F3A}.Debug|Any CPU.Build.0 = Debug|Any CPU
		{077F187F-003A-4E6C-92A0-0AC08FED0F3A}.Release|Any CPU.ActiveCfg = Release|Any CPU
		{077F187F-003A-4E6C-92A0-0AC08FED0F3A}.Release|Any CPU.Build.0 = Release|Any CPU
		{A4D3730D-2585-429D-83B4-10C0AF83410A}.Debug|Any CPU.ActiveCfg = Debug|Any CPU
		{A4D3730D-2585-429D-83B4-10C0AF83410A}.Debug|Any CPU.Build.0 = Debug|Any CPU
		{A4D3730D-2585-429D-83B4-10C0AF83410A}.Release|Any CPU.ActiveCfg = Release|Any CPU
		{A4D3730D-2585-429D-83B4-10C0AF83410A}.Release|Any CPU.Build.0 = Release|Any CPU
		{D995B11F-5DE8-4DE3-AB91-DF9296BBC07E}.Debug|Any CPU.ActiveCfg = Debug|Any CPU
		{D995B11F-5DE8-4DE3-AB91-DF9296BBC07E}.Debug|Any CPU.Build.0 = Debug|Any CPU
		{D995B11F-5DE8-4DE3-AB91-DF9296BBC07E}.Release|Any CPU.ActiveCfg = Release|Any CPU
		{D995B11F-5DE8-4DE3-AB91-DF9296BBC07E}.Release|Any CPU.Build.0 = Release|Any CPU
		{4CC4883C-B44E-4ACF-9E52-9A765FD6785D}.Debug|Any CPU.ActiveCfg = Debug|Any CPU
		{4CC4883C-B44E-4ACF-9E52-9A765FD6785D}.Debug|Any CPU.Build.0 = Debug|Any CPU
		{4CC4883C-B44E-4ACF-9E52-9A765FD6785D}.Release|Any CPU.ActiveCfg = Release|Any CPU
		{4CC4883C-B44E-4ACF-9E52-9A765FD6785D}.Release|Any CPU.Build.0 = Release|Any CPU
		{1CA4A830-7A5A-45B2-9C60-6F7CB95E9FE3}.Debug|Any CPU.ActiveCfg = Debug|Any CPU
		{1CA4A830-7A5A-45B2-9C60-6F7CB95E9FE3}.Debug|Any CPU.Build.0 = Debug|Any CPU
		{1CA4A830-7A5A-45B2-9C60-6F7CB95E9FE3}.Release|Any CPU.ActiveCfg = Release|Any CPU
		{1CA4A830-7A5A-45B2-9C60-6F7CB95E9FE3}.Release|Any CPU.Build.0 = Release|Any CPU
		{B309113C-5644-452A-8774-EFD5215F7FB9}.Debug|Any CPU.ActiveCfg = Debug|Any CPU
		{B309113C-5644-452A-8774-EFD5215F7FB9}.Debug|Any CPU.Build.0 = Debug|Any CPU
		{B309113C-5644-452A-8774-EFD5215F7FB9}.Release|Any CPU.ActiveCfg = Release|Any CPU
		{B309113C-5644-452A-8774-EFD5215F7FB9}.Release|Any CPU.Build.0 = Release|Any CPU
		{AD01B420-0507-4674-AEEE-DA7CDA20439D}.Debug|Any CPU.ActiveCfg = Debug|Any CPU
		{AD01B420-0507-4674-AEEE-DA7CDA20439D}.Debug|Any CPU.Build.0 = Debug|Any CPU
		{AD01B420-0507-4674-AEEE-DA7CDA20439D}.Release|Any CPU.ActiveCfg = Release|Any CPU
		{AD01B420-0507-4674-AEEE-DA7CDA20439D}.Release|Any CPU.Build.0 = Release|Any CPU
		{CBF7DA78-9F98-4CE8-9425-69B3BA424798}.Debug|Any CPU.ActiveCfg = Debug|Any CPU
		{CBF7DA78-9F98-4CE8-9425-69B3BA424798}.Debug|Any CPU.Build.0 = Debug|Any CPU
		{CBF7DA78-9F98-4CE8-9425-69B3BA424798}.Release|Any CPU.ActiveCfg = Release|Any CPU
		{CBF7DA78-9F98-4CE8-9425-69B3BA424798}.Release|Any CPU.Build.0 = Release|Any CPU
		{646FE2A2-23CA-42AF-97B4-42D3E8032025}.Debug|Any CPU.ActiveCfg = Debug|Any CPU
		{646FE2A2-23CA-42AF-97B4-42D3E8032025}.Debug|Any CPU.Build.0 = Debug|Any CPU
		{646FE2A2-23CA-42AF-97B4-42D3E8032025}.Release|Any CPU.ActiveCfg = Release|Any CPU
		{646FE2A2-23CA-42AF-97B4-42D3E8032025}.Release|Any CPU.Build.0 = Release|Any CPU
		{D3585638-000F-40EA-873B-BE67C5180879}.Debug|Any CPU.ActiveCfg = Debug|Any CPU
		{D3585638-000F-40EA-873B-BE67C5180879}.Debug|Any CPU.Build.0 = Debug|Any CPU
		{D3585638-000F-40EA-873B-BE67C5180879}.Release|Any CPU.ActiveCfg = Release|Any CPU
		{D3585638-000F-40EA-873B-BE67C5180879}.Release|Any CPU.Build.0 = Release|Any CPU
		{18E16192-B1EB-4C81-B8E3-D59EFD66A94B}.Debug|Any CPU.ActiveCfg = Debug|Any CPU
		{18E16192-B1EB-4C81-B8E3-D59EFD66A94B}.Debug|Any CPU.Build.0 = Debug|Any CPU
		{18E16192-B1EB-4C81-B8E3-D59EFD66A94B}.Release|Any CPU.ActiveCfg = Release|Any CPU
		{18E16192-B1EB-4C81-B8E3-D59EFD66A94B}.Release|Any CPU.Build.0 = Release|Any CPU
		{24891674-9956-477E-BB57-50A69749FF66}.Debug|Any CPU.ActiveCfg = Debug|Any CPU
		{24891674-9956-477E-BB57-50A69749FF66}.Debug|Any CPU.Build.0 = Debug|Any CPU
		{24891674-9956-477E-BB57-50A69749FF66}.Release|Any CPU.ActiveCfg = Release|Any CPU
		{24891674-9956-477E-BB57-50A69749FF66}.Release|Any CPU.Build.0 = Release|Any CPU
		{C1374C40-A61F-4AC4-BB41-F03652655606}.Debug|Any CPU.ActiveCfg = Debug|Any CPU
		{C1374C40-A61F-4AC4-BB41-F03652655606}.Debug|Any CPU.Build.0 = Debug|Any CPU
		{C1374C40-A61F-4AC4-BB41-F03652655606}.Release|Any CPU.ActiveCfg = Release|Any CPU
		{C1374C40-A61F-4AC4-BB41-F03652655606}.Release|Any CPU.Build.0 = Release|Any CPU
		{B66EFD59-CED4-4A4D-BA31-CBC870075EA1}.Debug|Any CPU.ActiveCfg = Debug|Any CPU
		{B66EFD59-CED4-4A4D-BA31-CBC870075EA1}.Debug|Any CPU.Build.0 = Debug|Any CPU
		{B66EFD59-CED4-4A4D-BA31-CBC870075EA1}.Release|Any CPU.ActiveCfg = Release|Any CPU
		{B66EFD59-CED4-4A4D-BA31-CBC870075EA1}.Release|Any CPU.Build.0 = Release|Any CPU
		{520C24D5-DF87-41DC-A05E-F1939BFDEDC4}.Debug|Any CPU.ActiveCfg = Debug|Any CPU
		{520C24D5-DF87-41DC-A05E-F1939BFDEDC4}.Debug|Any CPU.Build.0 = Debug|Any CPU
		{520C24D5-DF87-41DC-A05E-F1939BFDEDC4}.Release|Any CPU.ActiveCfg = Release|Any CPU
		{520C24D5-DF87-41DC-A05E-F1939BFDEDC4}.Release|Any CPU.Build.0 = Release|Any CPU
		{EC3F982C-BD4B-4A6A-BD8B-FE543985938D}.Debug|Any CPU.ActiveCfg = Debug|Any CPU
		{EC3F982C-BD4B-4A6A-BD8B-FE543985938D}.Debug|Any CPU.Build.0 = Debug|Any CPU
		{EC3F982C-BD4B-4A6A-BD8B-FE543985938D}.Release|Any CPU.ActiveCfg = Release|Any CPU
		{EC3F982C-BD4B-4A6A-BD8B-FE543985938D}.Release|Any CPU.Build.0 = Release|Any CPU
		{A41A9333-70B8-41DD-8662-AEA9B382E48E}.Debug|Any CPU.ActiveCfg = Debug|Any CPU
		{A41A9333-70B8-41DD-8662-AEA9B382E48E}.Debug|Any CPU.Build.0 = Debug|Any CPU
		{A41A9333-70B8-41DD-8662-AEA9B382E48E}.Release|Any CPU.ActiveCfg = Release|Any CPU
		{A41A9333-70B8-41DD-8662-AEA9B382E48E}.Release|Any CPU.Build.0 = Release|Any CPU
		{8531C198-D7E8-41D7-9647-B30AD157310E}.Debug|Any CPU.ActiveCfg = Debug|Any CPU
		{8531C198-D7E8-41D7-9647-B30AD157310E}.Debug|Any CPU.Build.0 = Debug|Any CPU
		{8531C198-D7E8-41D7-9647-B30AD157310E}.Release|Any CPU.ActiveCfg = Release|Any CPU
		{8531C198-D7E8-41D7-9647-B30AD157310E}.Release|Any CPU.Build.0 = Release|Any CPU
		{0A3B509B-9942-43EF-8FC3-EAA422E7190B}.Debug|Any CPU.ActiveCfg = Debug|Any CPU
		{0A3B509B-9942-43EF-8FC3-EAA422E7190B}.Debug|Any CPU.Build.0 = Debug|Any CPU
		{0A3B509B-9942-43EF-8FC3-EAA422E7190B}.Release|Any CPU.ActiveCfg = Release|Any CPU
		{0A3B509B-9942-43EF-8FC3-EAA422E7190B}.Release|Any CPU.Build.0 = Release|Any CPU
		{11D27907-D5DE-4028-8F3C-596A1A2CD587}.Debug|Any CPU.ActiveCfg = Debug|Any CPU
		{11D27907-D5DE-4028-8F3C-596A1A2CD587}.Debug|Any CPU.Build.0 = Debug|Any CPU
		{11D27907-D5DE-4028-8F3C-596A1A2CD587}.Release|Any CPU.ActiveCfg = Release|Any CPU
		{11D27907-D5DE-4028-8F3C-596A1A2CD587}.Release|Any CPU.Build.0 = Release|Any CPU
		{73EF6904-82E1-4F45-A544-0F704B748AB7}.Debug|Any CPU.ActiveCfg = Debug|Any CPU
		{73EF6904-82E1-4F45-A544-0F704B748AB7}.Debug|Any CPU.Build.0 = Debug|Any CPU
		{73EF6904-82E1-4F45-A544-0F704B748AB7}.Release|Any CPU.ActiveCfg = Release|Any CPU
		{73EF6904-82E1-4F45-A544-0F704B748AB7}.Release|Any CPU.Build.0 = Release|Any CPU
		{1CCB249D-8974-4B14-9E6A-36C9171F221E}.Debug|Any CPU.ActiveCfg = Debug|Any CPU
		{1CCB249D-8974-4B14-9E6A-36C9171F221E}.Debug|Any CPU.Build.0 = Debug|Any CPU
		{1CCB249D-8974-4B14-9E6A-36C9171F221E}.Release|Any CPU.ActiveCfg = Release|Any CPU
		{1CCB249D-8974-4B14-9E6A-36C9171F221E}.Release|Any CPU.Build.0 = Release|Any CPU
		{F65733E5-918F-4876-82BF-754CE92C35BB}.Debug|Any CPU.ActiveCfg = Debug|Any CPU
		{F65733E5-918F-4876-82BF-754CE92C35BB}.Debug|Any CPU.Build.0 = Debug|Any CPU
		{F65733E5-918F-4876-82BF-754CE92C35BB}.Release|Any CPU.ActiveCfg = Release|Any CPU
		{F65733E5-918F-4876-82BF-754CE92C35BB}.Release|Any CPU.Build.0 = Release|Any CPU
	EndGlobalSection
	GlobalSection(SolutionProperties) = preSolution
		HideSolutionNode = FALSE
	EndGlobalSection
	GlobalSection(ExtensibilityGlobals) = postSolution
		SolutionGuid = {78C5F865-D49F-4FCB-AB0A-5DAED0BC9E40}
	EndGlobalSection
EndGlobal
